
Microsoft Visual Studio Solution File, Format Version 12.00
# Visual Studio Version 17
VisualStudioVersion = 17.9.34728.123
MinimumVisualStudioVersion = 10.0.40219.1
Project("{9A19103F-16F7-4668-BE54-9A1E7A4F7556}") = "SimpleCalculatorConsoleApp", "SimpleCalculatorConsoleApp\SimpleCalculatorConsoleApp.csproj", "{C0D3ABAB-ED04-4E00-B7C7-2D2AD0059C60}"
EndProject
Project("{9A19103F-16F7-4668-BE54-9A1E7A4F7556}") = "CalculatorLibrary", "CalculatorLibrary\CalculatorLibrary.csproj", "{58360A52-B801-4130-BD62-C34EC94CD143}"
EndProject
Global
	GlobalSection(SolutionConfigurationPlatforms) = preSolution
		Debug|Any CPU = Debug|Any CPU
		Release|Any CPU = Release|Any CPU
	EndGlobalSection
	GlobalSection(ProjectConfigurationPlatforms) = postSolution
		{C0D3ABAB-ED04-4E00-B7C7-2D2AD0059C60}.Debug|Any CPU.ActiveCfg = Debug|Any CPU
		{C0D3ABAB-ED04-4E00-B7C7-2D2AD0059C60}.Debug|Any CPU.Build.0 = Debug|Any CPU
		{C0D3ABAB-ED04-4E00-B7C7-2D2AD0059C60}.Release|Any CPU.ActiveCfg = Release|Any CPU
		{C0D3ABAB-ED04-4E00-B7C7-2D2AD0059C60}.Release|Any CPU.Build.0 = Release|Any CPU
		{58360A52-B801-4130-BD62-C34EC94CD143}.Debug|Any CPU.ActiveCfg = Debug|Any CPU
		{58360A52-B801-4130-BD62-C34EC94CD143}.Debug|Any CPU.Build.0 = Debug|Any CPU
		{58360A52-B801-4130-BD62-C34EC94CD143}.Release|Any CPU.ActiveCfg = Release|Any CPU
		{58360A52-B801-4130-BD62-C34EC94CD143}.Release|Any CPU.Build.0 = Release|Any CPU
	EndGlobalSection
	GlobalSection(SolutionProperties) = preSolution
		HideSolutionNode = FALSE
	EndGlobalSection
	GlobalSection(ExtensibilityGlobals) = postSolution
		SolutionGuid = {3B0E78AB-3172-434C-86C5-8EB2CD962011}
	EndGlobalSection
EndGlobal
